
Microsoft Visual Studio Solution File, Format Version 12.00
# Visual Studio Version 17
VisualStudioVersion = 17.3.32825.248
MinimumVisualStudioVersion = 10.0.40219.1
Project("{FAE04EC0-301F-11D3-BF4B-00C04F79EFBC}") = "GettimgLastBarInd", "GettimgLastBarInd.csproj", "{80E3E7F8-5EF0-4EF3-AC05-F4FF8892C28C}"
EndProject
Global
	GlobalSection(SolutionConfigurationPlatforms) = preSolution
		Debug|Any CPU = Debug|Any CPU
		Release|Any CPU = Release|Any CPU
	EndGlobalSection
	GlobalSection(ProjectConfigurationPlatforms) = postSolution
		{80E3E7F8-5EF0-4EF3-AC05-F4FF8892C28C}.Debug|Any CPU.ActiveCfg = Debug|Any CPU
		{80E3E7F8-5EF0-4EF3-AC05-F4FF8892C28C}.Debug|Any CPU.Build.0 = Debug|Any CPU
		{80E3E7F8-5EF0-4EF3-AC05-F4FF8892C28C}.Release|Any CPU.ActiveCfg = Release|Any CPU
		{80E3E7F8-5EF0-4EF3-AC05-F4FF8892C28C}.Release|Any CPU.Build.0 = Release|Any CPU
	EndGlobalSection
	GlobalSection(SolutionProperties) = preSolution
		HideSolutionNode = FALSE
	EndGlobalSection
	GlobalSection(ExtensibilityGlobals) = postSolution
		SolutionGuid = {ECB643B9-5428-4900-8B72-0910B2448466}
	EndGlobalSection
EndGlobal
